
Microsoft Visual Studio Solution File, Format Version 12.00
# Visual Studio 15
Project("{FAE04EC0-301F-11D3-BF4B-00C04F79EFBC}") = "dotnet3.1-in-docker", "dotnet3.1-in-docker\dotnet3.1-in-docker.csproj", "{089A881D-1706-4928-B6FC-9839F615B91D}"
EndProject
Project("{2150E333-8FDC-42A3-9474-1A3956D46DE8}") = "Solution Items", "Solution Items", "{0FA9219C-081C-4A67-8672-BF10D5A7A947}"
EndProject
Global
	GlobalSection(SolutionConfigurationPlatforms) = preSolution
		Debug|Any CPU = Debug|Any CPU
		Release|Any CPU = Release|Any CPU
	EndGlobalSection
	GlobalSection(ProjectConfigurationPlatforms) = postSolution
		{089A881D-1706-4928-B6FC-9839F615B91D}.Debug|Any CPU.ActiveCfg = Debug|Any CPU
		{089A881D-1706-4928-B6FC-9839F615B91D}.Debug|Any CPU.Build.0 = Debug|Any CPU
		{089A881D-1706-4928-B6FC-9839F615B91D}.Release|Any CPU.ActiveCfg = Release|Any CPU
		{089A881D-1706-4928-B6FC-9839F615B91D}.Release|Any CPU.Build.0 = Release|Any CPU
	EndGlobalSection
EndGlobal
